
Microsoft Visual Studio Solution File, Format Version 12.00
# Visual Studio Version 17
VisualStudioVersion = 17.4.33213.308
MinimumVisualStudioVersion = 10.0.40219.1
Project("{FAE04EC0-301F-11D3-BF4B-00C04F79EFBC}") = "DiseñoAppModerno", "DiseñoAppModerno\DiseñoAppModerno.csproj", "{80F567E7-A92D-4780-831F-F19AEA3F65EC}"
EndProject
Global
	GlobalSection(SolutionConfigurationPlatforms) = preSolution
		Debug|Any CPU = Debug|Any CPU
		Release|Any CPU = Release|Any CPU
	EndGlobalSection
	GlobalSection(ProjectConfigurationPlatforms) = postSolution
		{80F567E7-A92D-4780-831F-F19AEA3F65EC}.Debug|Any CPU.ActiveCfg = Debug|Any CPU
		{80F567E7-A92D-4780-831F-F19AEA3F65EC}.Debug|Any CPU.Build.0 = Debug|Any CPU
		{80F567E7-A92D-4780-831F-F19AEA3F65EC}.Release|Any CPU.ActiveCfg = Release|Any CPU
		{80F567E7-A92D-4780-831F-F19AEA3F65EC}.Release|Any CPU.Build.0 = Release|Any CPU
	EndGlobalSection
	GlobalSection(SolutionProperties) = preSolution
		HideSolutionNode = FALSE
	EndGlobalSection
	GlobalSection(ExtensibilityGlobals) = postSolution
		SolutionGuid = {1F550376-00F3-49F5-BCB4-D684E7C86579}
	EndGlobalSection
EndGlobal
